# This file is automatically @generated by Poetry 1.8.3 and should not be changed by hand.

[[package]]
name = "structlog"
version = "24.2.0"
description = "Structured Logging for Python"
optional = false
python-versions = ">=3.8"
files = [
    {file = "structlog-24.2.0-py3-none-any.whl", hash = "sha256:983bd49f70725c5e1e3867096c0c09665918936b3db27341b41d294283d7a48a"},
    {file = "structlog-24.2.0.tar.gz", hash = "sha256:0e3fe74924a6d8857d3f612739efb94c72a7417d7c7c008d12276bca3b5bf13b"},
]

[package.extras]
dev = ["freezegun (>=0.2.8)", "mypy (>=1.4)", "pretend", "pytest (>=6.0)", "pytest-asyncio (>=0.17)", "rich", "simplejson", "twisted"]
docs = ["furo", "myst-parser", "sphinx", "sphinx-notfound-page", "sphinxcontrib-mermaid", "sphinxext-opengraph", "twisted"]
tests = ["freezegun (>=0.2.8)", "pretend", "pytest (>=6.0)", "pytest-asyncio (>=0.17)", "simplejson"]
typing = ["mypy (>=1.4)", "rich", "twisted"]

[metadata]
lock-version = "2.0"
python-versions = "^3.11"
content-hash = "9eca33d299554ba0bed3a53d4bd564a33c077c2b16c0e481487c28680d637dfe"
